// !$*UTF8*$!
{
	archiveVersion = 1;
	classes = {
	};
	objectVersion = 56;
	objects = {

/* Begin PBXBuildFile section */
		FF83154C3056CCA800BEF8D9 /* Assets.xcassets in Resources */ = {isa = PBXBuildFile; fileRef = FF83154B3056CCA800BEF8D9 /* Assets.xcassets */; };
		FF83154F3056CCA800BEF8D9 /* Preview Assets.xcassets in Resources */ = {isa = PBXBuildFile; fileRef = FF83154E3056CCA800BEF8D9 /* Preview Assets.xcassets */; };
		FF8315593056CCA800BEF8D9 /* AIApplicationLayerAppTests.swift in Sources */ = {isa = PBXBuildFile; fileRef = FF8315583056CCA800BEF8D9 /* AIApplicationLayerAppTests.swift */; };
		FF8315633056CCA800BEF8D9 /* AIApplicationLayerAppUITests.swift in Sources */ = {isa = PBXBuildFile; fileRef = FF8315623056CCA800BEF8D9 /* AIApplicationLayerAppUITests.swift */; };
		FF8315653056CCA800BEF8D9 /* AIApplicationLayerAppUITestsLaunchTests.swift in Sources */ = {isa = PBXBuildFile; fileRef = FF8315643056CCA800BEF8D9 /* AIApplicationLayerAppUITestsLaunchTests.swift */; };
		FF8315793056CD2B00BEF8D9 /* AIApplicationLayerApp.swift in Sources */ = {isa = PBXBuildFile; fileRef = FF8315713056CD2B00BEF8D9 /* AIApplicationLayerApp.swift */; };
		FF83157A3056CD2B00BEF8D9 /* HomeContactView.swift in Sources */ = {isa = PBXBuildFile; fileRef = FF8315723056CD2B00BEF8D9 /* HomeContactView.swift */; };
		FF83157B3056CD2B00BEF8D9 /* ContentView.swift in Sources */ = {isa = PBXBuildFile; fileRef = FF8315733056CD2B00BEF8D9 /* ContentView.swift */; };
		FF83157C3056CD2B00BEF8D9 /* DashboardPanelView.swift in Sources */ = {isa = PBXBuildFile; fileRef = FF8315743056CD2B00BEF8D9 /* DashboardPanelView.swift */; };
		FF83157D3056CD2B00BEF8D9 /* DashboardScene.swift in Sources */ = {isa = PBXBuildFile; fileRef = FF8315753056CD2B00BEF8D9 /* DashboardScene.swift */; };
		FF83157E3056CD2B00BEF8D9 /* APIClient.swift in Sources */ = {isa = PBXBuildFile; fileRef = FF8315763056CD2B00BEF8D9 /* APIClient.swift */; };
		FF83157F3056CD2B00BEF8D9 /* MotionManager.swift in Sources */ = {isa = PBXBuildFile; fileRef = FF8315773056CD2B00BEF8D9 /* MotionManager.swift */; };
		FF8315803056CD2B00BEF8D9 /* PosterVideoBillboard.swift in Sources */ = {isa = PBXBuildFile; fileRef = FF8315783056CD2B00BEF8D9 /* PosterVideoBillboard.swift */; };
/* End PBXBuildFile section */

/* Begin PBXContainerItemProxy section */
		FF8315553056CCA800BEF8D9 /* PBXContainerItemProxy */ = {
			isa = PBXContainerItemProxy;
			containerPortal = FF83153C3056CCA600BEF8D9 /* Project object */;
			proxyType = 1;
			remoteGlobalIDString = FF8315433056CCA600BEF8D9;
			remoteInfo = AIApplicationLayerApp;
		};
		FF83155F3056CCA800BEF8D9 /* PBXContainerItemProxy */ = {
			isa = PBXContainerItemProxy;
			containerPortal = FF83153C3056CCA600BEF8D9 /* Project object */;
			proxyType = 1;
			remoteGlobalIDString = FF8315433056CCA600BEF8D9;
			remoteInfo = AIApplicationLayerApp;
		};
/* End PBXContainerItemProxy section */

/* Begin PBXFileReference section */
		FF8315443056CCA600BEF8D9 /* AIApplicationLayerApp.app */ = {isa = PBXFileReference; explicitFileType = wrapper.application; includeInIndex = 0; path = AIApplicationLayerApp.app; sourceTree = BUILT_PRODUCTS_DIR; };
		FF83154B3056CCA800BEF8D9 /* Assets.xcassets */ = {isa = PBXFileReference; lastKnownFileType = folder.assetcatalog; path = Assets.xcassets; sourceTree = "<group>"; };
		FF83154E3056CCA800BEF8D9 /* Preview Assets.xcassets */ = {isa = PBXFileReference; lastKnownFileType = folder.assetcatalog; path = "Preview Assets.xcassets"; sourceTree = "<group>"; };
		FF8315543056CCA800BEF8D9 /* AIApplicationLayerAppTests.xctest */ = {isa = PBXFileReference; explicitFileType = wrapper.cfbundle; includeInIndex = 0; path = AIApplicationLayerAppTests.xctest; sourceTree = BUILT_PRODUCTS_DIR; };
		FF8315583056CCA800BEF8D9 /* AIApplicationLayerAppTests.swift */ = {isa = PBXFileReference; lastKnownFileType = sourcecode.swift; path = AIApplicationLayerAppTests.swift; sourceTree = "<group>"; };
		FF83155E3056CCA800BEF8D9 /* AIApplicationLayerAppUITests.xctest */ = {isa = PBXFileReference; explicitFileType = wrapper.cfbundle; includeInIndex = 0; path = AIApplicationLayerAppUITests.xctest; sourceTree = BUILT_PRODUCTS_DIR; };
		FF8315623056CCA800BEF8D9 /* AIApplicationLayerAppUITests.swift */ = {isa = PBXFileReference; lastKnownFileType = sourcecode.swift; path = AIApplicationLayerAppUITests.swift; sourceTree = "<group>"; };
		FF8315643056CCA800BEF8D9 /* AIApplicationLayerAppUITestsLaunchTests.swift */ = {isa = PBXFileReference; lastKnownFileType = sourcecode.swift; path = AIApplicationLayerAppUITestsLaunchTests.swift; sourceTree = "<group>"; };
		FF8315713056CD2B00BEF8D9 /* AIApplicationLayerApp.swift */ = {isa = PBXFileReference; fileEncoding = 4; lastKnownFileType = sourcecode.swift; path = AIApplicationLayerApp.swift; sourceTree = "<group>"; };
		FF8315723056CD2B00BEF8D9 /* HomeContactView.swift */ = {isa = PBXFileReference; fileEncoding = 4; lastKnownFileType = sourcecode.swift; path = HomeContactView.swift; sourceTree = "<group>"; };
		FF8315733056CD2B00BEF8D9 /* ContentView.swift */ = {isa = PBXFileReference; fileEncoding = 4; lastKnownFileType = sourcecode.swift; path = ContentView.swift; sourceTree = "<group>"; };
		FF8315743056CD2B00BEF8D9 /* DashboardPanelView.swift */ = {isa = PBXFileReference; fileEncoding = 4; lastKnownFileType = sourcecode.swift; path = DashboardPanelView.swift; sourceTree = "<group>"; };
		FF8315753056CD2B00BEF8D9 /* DashboardScene.swift */ = {isa = PBXFileReference; fileEncoding = 4; lastKnownFileType = sourcecode.swift; path = DashboardScene.swift; sourceTree = "<group>"; };
		FF8315763056CD2B00BEF8D9 /* APIClient.swift */ = {isa = PBXFileReference; fileEncoding = 4; lastKnownFileType = sourcecode.swift; path = APIClient.swift; sourceTree = "<group>"; };
		FF8315773056CD2B00BEF8D9 /* MotionManager.swift */ = {isa = PBXFileReference; fileEncoding = 4; lastKnownFileType = sourcecode.swift; path = MotionManager.swift; sourceTree = "<group>"; };
		FF8315783056CD2B00BEF8D9 /* PosterVideoBillboard.swift */ = {isa = PBXFileReference; fileEncoding = 4; lastKnownFileType = sourcecode.swift; path = PosterVideoBillboard.swift; sourceTree = "<group>"; };
/* End PBXFileReference section */

/* Begin PBXFrameworksBuildPhase section */
		FF8315413056CCA600BEF8D9 /* Frameworks */ = {
			isa = PBXFrameworksBuildPhase;
			buildActionMask = 2147483647;
			files = (
			);
			runOnlyForDeploymentPostprocessing = 0;
		};
		FF8315513056CCA800BEF8D9 /* Frameworks */ = {
			isa = PBXFrameworksBuildPhase;
			buildActionMask = 2147483647;
			files = (
			);
			runOnlyForDeploymentPostprocessing = 0;
		};
		FF83155B3056CCA800BEF8D9 /* Frameworks */ = {
			isa = PBXFrameworksBuildPhase;
			buildActionMask = 2147483647;
			files = (
			);
			runOnlyForDeploymentPostprocessing = 0;
		};
/* End PBXFrameworksBuildPhase section */

/* Begin PBXGroup section */
		FF83153B3056CCA600BEF8D9 = {
			isa = PBXGroup;
			children = (
				FF8315463056CCA600BEF8D9 /* AIApplicationLayerApp */,
				FF8315573056CCA800BEF8D9 /* AIApplicationLayerAppTests */,
				FF8315613056CCA800BEF8D9 /* AIApplicationLayerAppUITests */,
				FF8315453056CCA600BEF8D9 /* Products */,
			);
			sourceTree = "<group>";
		};
		FF8315453056CCA600BEF8D9 /* Products */ = {
			isa = PBXGroup;
			children = (
				FF8315443056CCA600BEF8D9 /* AIApplicationLayerApp.app */,
				FF8315543056CCA800BEF8D9 /* AIApplicationLayerAppTests.xctest */,
				FF83155E3056CCA800BEF8D9 /* AIApplicationLayerAppUITests.xctest */,
			);
			name = Products;
			sourceTree = "<group>";
		};
		FF8315463056CCA600BEF8D9 /* AIApplicationLayerApp */ = {
			isa = PBXGroup;
			children = (
				FF8315713056CD2B00BEF8D9 /* AIApplicationLayerApp.swift */,
				FF8315763056CD2B00BEF8D9 /* APIClient.swift */,
				FF8315733056CD2B00BEF8D9 /* ContentView.swift */,
				FF8315743056CD2B00BEF8D9 /* DashboardPanelView.swift */,
				FF8315753056CD2B00BEF8D9 /* DashboardScene.swift */,
				FF8315723056CD2B00BEF8D9 /* HomeContactView.swift */,
				FF8315773056CD2B00BEF8D9 /* MotionManager.swift */,
				FF8315783056CD2B00BEF8D9 /* PosterVideoBillboard.swift */,
				FF83154B3056CCA800BEF8D9 /* Assets.xcassets */,
				FF83154D3056CCA800BEF8D9 /* Preview Content */,
			);
			path = AIApplicationLayerApp;
			sourceTree = "<group>";
		};
		FF83154D3056CCA800BEF8D9 /* Preview Content */ = {
			isa = PBXGroup;
			children = (
				FF83154E3056CCA800BEF8D9 /* Preview Assets.xcassets */,
			);
			path = "Preview Content";
			sourceTree = "<group>";
		};
		FF8315573056CCA800BEF8D9 /* AIApplicationLayerAppTests */ = {
			isa = PBXGroup;
			children = (
				FF8315583056CCA800BEF8D9 /* AIApplicationLayerAppTests.swift */,
			);
			path = AIApplicationLayerAppTests;
			sourceTree = "<group>";
		};
		FF8315613056CCA800BEF8D9 /* AIApplicationLayerAppUITests */ = {
			isa = PBXGroup;
			children = (
				FF8315623056CCA800BEF8D9 /* AIApplicationLayerAppUITests.swift */,
				FF8315643056CCA800BEF8D9 /* AIApplicationLayerAppUITestsLaunchTests.swift */,
			);
			path = AIApplicationLayerAppUITests;
			sourceTree = "<group>";
		};
/* End PBXGroup section */

/* Begin PBXNativeTarget section */
		FF8315433056CCA600BEF8D9 /* AIApplicationLayerApp */ = {
			isa = PBXNativeTarget;
			buildConfigurationList = FF8315683056CCA800BEF8D9 /* Build configuration list for PBXNativeTarget "AIApplicationLayerApp" */;
			buildPhases = (
				FF8315403056CCA600BEF8D9 /* Sources */,
				FF8315413056CCA600BEF8D9 /* Frameworks */,
				FF8315423056CCA600BEF8D9 /* Resources */,
			);
			buildRules = (
			);
			dependencies = (
			);
			name = AIApplicationLayerApp;
			productName = AIApplicationLayerApp;
			productReference = FF8315443056CCA600BEF8D9 /* AIApplicationLayerApp.app */;
			productType = "com.apple.product-type.application";
		};
		FF8315533056CCA800BEF8D9 /* AIApplicationLayerAppTests */ = {
			isa = PBXNativeTarget;
			buildConfigurationList = FF83156B3056CCA800BEF8D9 /* Build configuration list for PBXNativeTarget "AIApplicationLayerAppTests" */;
			buildPhases = (
				FF8315503056CCA800BEF8D9 /* Sources */,
				FF8315513056CCA800BEF8D9 /* Frameworks */,
				FF8315523056CCA800BEF8D9 /* Resources */,
			);
			buildRules = (
			);
			dependencies = (
				FF8315563056CCA800BEF8D9 /* PBXTargetDependency */,
			);
			name = AIApplicationLayerAppTests;
			productName = AIApplicationLayerAppTests;
			productReference = FF8315543056CCA800BEF8D9 /* AIApplicationLayerAppTests.xctest */;
			productType = "com.apple.product-type.bundle.unit-test";
		};
		FF83155D3056CCA800BEF8D9 /* AIApplicationLayerAppUITests */ = {
			isa = PBXNativeTarget;
			buildConfigurationList = FF83156E3056CCA800BEF8D9 /* Build configuration list for PBXNativeTarget "AIApplicationLayerAppUITests" */;
			buildPhases = (
				FF83155A3056CCA800BEF8D9 /* Sources */,
				FF83155B3056CCA800BEF8D9 /* Frameworks */,
				FF83155C3056CCA800BEF8D9 /* Resources */,
			);
			buildRules = (
			);
			dependencies = (
				FF8315603056CCA800BEF8D9 /* PBXTargetDependency */,
			);
			name = AIApplicationLayerAppUITests;
			productName = AIApplicationLayerAppUITests;
			productReference = FF83155E3056CCA800BEF8D9 /* AIApplicationLayerAppUITests.xctest */;
			productType = "com.apple.product-type.bundle.ui-testing";
		};
/* End PBXNativeTarget section */

/* Begin PBXProject section */
		FF83153C3056CCA600BEF8D9 /* Project object */ = {
			isa = PBXProject;
			attributes = {
				BuildIndependentTargetsInParallel = 1;
				LastSwiftUpdateCheck = 1420;
				LastUpgradeCheck = 1420;
				TargetAttributes = {
					FF8315433056CCA600BEF8D9 = {
						CreatedOnToolsVersion = 14.2;
						LastSwiftMigration = 1420;
					};
					FF8315533056CCA800BEF8D9 = {
						CreatedOnToolsVersion = 14.2;
						TestTargetID = FF8315433056CCA600BEF8D9;
					};
					FF83155D3056CCA800BEF8D9 = {
						CreatedOnToolsVersion = 14.2;
						TestTargetID = FF8315433056CCA600BEF8D9;
					};
				};
			};
			buildConfigurationList = FF83153F3056CCA600BEF8D9 /* Build configuration list for PBXProject "AIApplicationLayerApp" */;
			compatibilityVersion = "Xcode 14.0";
			developmentRegion = en;
			hasScannedForEncodings = 0;
			knownRegions = (
				en,
				Base,
			);
			mainGroup = FF83153B3056CCA600BEF8D9;
			productRefGroup = FF8315453056CCA600BEF8D9 /* Products */;
			projectDirPath = "";
			projectRoot = "";
			targets = (
				FF8315433056CCA600BEF8D9 /* AIApplicationLayerApp */,
				FF8315533056CCA800BEF8D9 /* AIApplicationLayerAppTests */,
				FF83155D3056CCA800BEF8D9 /* AIApplicationLayerAppUITests */,
			);
		};
/* End PBXProject section */

/* Begin PBXResourcesBuildPhase section */
		FF8315423056CCA600BEF8D9 /* Resources */ = {
			isa = PBXResourcesBuildPhase;
			buildActionMask = 2147483647;
			files = (
				FF83154F3056CCA800BEF8D9 /* Preview Assets.xcassets in Resources */,
				FF83154C3056CCA800BEF8D9 /* Assets.xcassets in Resources */,
			);
			runOnlyForDeploymentPostprocessing = 0;
		};
		FF8315523056CCA800BEF8D9 /* Resources */ = {
			isa = PBXResourcesBuildPhase;
			buildActionMask = 2147483647;
			files = (
			);
			runOnlyForDeploymentPostprocessing = 0;
		};
		FF83155C3056CCA800BEF8D9 /* Resources */ = {
			isa = PBXResourcesBuildPhase;
			buildActionMask = 2147483647;
			files = (
			);
			runOnlyForDeploymentPostprocessing = 0;
		};
/* End PBXResourcesBuildPhase section */

/* Begin PBXSourcesBuildPhase section */
		FF8315403056CCA600BEF8D9 /* Sources */ = {
			isa = PBXSourcesBuildPhase;
			buildActionMask = 2147483647;
			files = (
				FF83157A3056CD2B00BEF8D9 /* HomeContactView.swift in Sources */,
				FF83157F3056CD2B00BEF8D9 /* MotionManager.swift in Sources */,
				FF83157D3056CD2B00BEF8D9 /* DashboardScene.swift in Sources */,
				FF8315793056CD2B00BEF8D9 /* AIApplicationLayerApp.swift in Sources */,
				FF8315803056CD2B00BEF8D9 /* PosterVideoBillboard.swift in Sources */,
				FF83157C3056CD2B00BEF8D9 /* DashboardPanelView.swift in Sources */,
				FF83157B3056CD2B00BEF8D9 /* ContentView.swift in Sources */,
				FF83157E3056CD2B00BEF8D9 /* APIClient.swift in Sources */,
			);
			runOnlyForDeploymentPostprocessing = 0;
		};
		FF8315503056CCA800BEF8D9 /* Sources */ = {
			isa = PBXSourcesBuildPhase;
			buildActionMask = 2147483647;
			files = (
				FF8315593056CCA800BEF8D9 /* AIApplicationLayerAppTests.swift in Sources */,
			);
			runOnlyForDeploymentPostprocessing = 0;
		};
		FF83155A3056CCA800BEF8D9 /* Sources */ = {
			isa = PBXSourcesBuildPhase;
			buildActionMask = 2147483647;
			files = (
				FF8315633056CCA800BEF8D9 /* AIApplicationLayerAppUITests.swift in Sources */,
				FF8315653056CCA800BEF8D9 /* AIApplicationLayerAppUITestsLaunchTests.swift in Sources */,
			);
			runOnlyForDeploymentPostprocessing = 0;
		};
/* End PBXSourcesBuildPhase section */

/* Begin PBXTargetDependency section */
		FF8315563056CCA800BEF8D9 /* PBXTargetDependency */ = {
			isa = PBXTargetDependency;
			target = FF8315433056CCA600BEF8D9 /* AIApplicationLayerApp */;
			targetProxy = FF8315553056CCA800BEF8D9 /* PBXContainerItemProxy */;
		};
		FF8315603056CCA800BEF8D9 /* PBXTargetDependency */ = {
			isa = PBXTargetDependency;
			target = FF8315433056CCA600BEF8D9 /* AIApplicationLayerApp */;
			targetProxy = FF83155F3056CCA800BEF8D9 /* PBXContainerItemProxy */;
		};
/* End PBXTargetDependency section */

/* Begin XCBuildConfiguration section */
		FF8315663056CCA800BEF8D9 /* Debug */ = {
			isa = XCBuildConfiguration;
			buildSettings = {
				ALWAYS_SEARCH_USER_PATHS = NO;
				CLANG_ANALYZER_NONNULL = YES;
				CLANG_ANALYZER_NUMBER_OBJECT_CONVERSION = YES_AGGRESSIVE;
				CLANG_CXX_LANGUAGE_STANDARD = "gnu++20";
				CLANG_ENABLE_MODULES = YES;
				CLANG_ENABLE_OBJC_ARC = YES;
				CLANG_ENABLE_OBJC_WEAK = YES;
				CLANG_WARN_BLOCK_CAPTURE_AUTORELEASING = YES;
				CLANG_WARN_BOOL_CONVERSION = YES;
				CLANG_WARN_COMMA = YES;
				CLANG_WARN_CONSTANT_CONVERSION = YES;
				CLANG_WARN_DEPRECATED_OBJC_IMPLEMENTATIONS = YES;
				CLANG_WARN_DIRECT_OBJC_ISA_USAGE = YES_ERROR;
				CLANG_WARN_DOCUMENTATION_COMMENTS = YES;
				CLANG_WARN_EMPTY_BODY = YES;
				CLANG_WARN_ENUM_CONVERSION = YES;
				CLANG_WARN_INFINITE_RECURSION = YES;
				CLANG_WARN_INT_CONVERSION = YES;
				CLANG_WARN_NON_LITERAL_NULL_CONVERSION = YES;
				CLANG_WARN_OBJC_IMPLICIT_RETAIN_SELF = YES;
				CLANG_WARN_OBJC_LITERAL_CONVERSION = YES;
				CLANG_WARN_OBJC_ROOT_CLASS = YES_ERROR;
				CLANG_WARN_QUOTED_INCLUDE_IN_FRAMEWORK_HEADER = YES;
				CLANG_WARN_RANGE_LOOP_ANALYSIS = YES;
				CLANG_WARN_STRICT_PROTOTYPES = YES;
				CLANG_WARN_SUSPICIOUS_MOVE = YES;
				CLANG_WARN_UNGUARDED_AVAILABILITY = YES_AGGRESSIVE;
				CLANG_WARN_UNREACHABLE_CODE = YES;
				CLANG_WARN__DUPLICATE_METHOD_MATCH = YES;
				COPY_PHASE_STRIP = NO;
				DEBUG_INFORMATION_FORMAT = dwarf;
				ENABLE_STRICT_OBJC_MSGSEND = YES;
				ENABLE_TESTABILITY = YES;
				GCC_C_LANGUAGE_STANDARD = gnu11;
				GCC_DYNAMIC_NO_PIC = NO;
				GCC_NO_COMMON_BLOCKS = YES;
				GCC_OPTIMIZATION_LEVEL = 0;
				GCC_PREPROCESSOR_DEFINITIONS = (
					"DEBUG=1",
					"$(inherited)",
				);
				GCC_WARN_64_TO_32_BIT_CONVERSION = YES;
				GCC_WARN_ABOUT_RETURN_TYPE = YES_ERROR;
				GCC_WARN_UNDECLARED_SELECTOR = YES;
				GCC_WARN_UNINITIALIZED_AUTOS = YES_AGGRESSIVE;
				GCC_WARN_UNUSED_FUNCTION = YES;
				GCC_WARN_UNUSED_VARIABLE = YES;
				IPHONEOS_DEPLOYMENT_TARGET = 16.2;
				MTL_ENABLE_DEBUG_INFO = INCLUDE_SOURCE;
				MTL_FAST_MATH = YES;
				ONLY_ACTIVE_ARCH = YES;
				SDKROOT = iphoneos;
				SWIFT_ACTIVE_COMPILATION_CONDITIONS = DEBUG;
				SWIFT_OPTIMIZATION_LEVEL = "-Onone";
			};
			name = Debug;
		};
		FF8315673056CCA800BEF8D9 /* Release */ = {
			isa = XCBuildConfiguration;
			buildSettings = {
				ALWAYS_SEARCH_USER_PATHS = NO;
				CLANG_ANALYZER_NONNULL = YES;
				CLANG_ANALYZER_NUMBER_OBJECT_CONVERSION = YES_AGGRESSIVE;
				CLANG_CXX_LANGUAGE_STANDARD = "gnu++20";
				CLANG_ENABLE_MODULES = YES;
				CLANG_ENABLE_OBJC_ARC = YES;
				CLANG_ENABLE_OBJC_WEAK = YES;
				CLANG_WARN_BLOCK_CAPTURE_AUTORELEASING = YES;
				CLANG_WARN_BOOL_CONVERSION = YES;
				CLANG_WARN_COMMA = YES;
				CLANG_WARN_CONSTANT_CONVERSION = YES;
				CLANG_WARN_DEPRECATED_OBJC_IMPLEMENTATIONS = YES;
				CLANG_WARN_DIRECT_OBJC_ISA_USAGE = YES_ERROR;
				CLANG_WARN_DOCUMENTATION_COMMENTS = YES;
				CLANG_WARN_EMPTY_BODY = YES;
				CLANG_WARN_ENUM_CONVERSION = YES;
				CLANG_WARN_INFINITE_RECURSION = YES;
				CLANG_WARN_INT_CONVERSION = YES;
				CLANG_WARN_NON_LITERAL_NULL_CONVERSION = YES;
				CLANG_WARN_OBJC_IMPLICIT_RETAIN_SELF = YES;
				CLANG_WARN_OBJC_LITERAL_CONVERSION = YES;
				CLANG_WARN_OBJC_ROOT_CLASS = YES_ERROR;
				CLANG_WARN_QUOTED_INCLUDE_IN_FRAMEWORK_HEADER = YES;
				CLANG_WARN_RANGE_LOOP_ANALYSIS = YES;
				CLANG_WARN_STRICT_PROTOTYPES = YES;
				CLANG_WARN_SUSPICIOUS_MOVE = YES;
				CLANG_WARN_UNGUARDED_AVAILABILITY = YES_AGGRESSIVE;
				CLANG_WARN_UNREACHABLE_CODE = YES;
				CLANG_WARN__DUPLICATE_METHOD_MATCH = YES;
				COPY_PHASE_STRIP = NO;
				DEBUG_INFORMATION_FORMAT = "dwarf-with-dsym";
				ENABLE_NS_ASSERTIONS = NO;
				ENABLE_STRICT_OBJC_MSGSEND = YES;
				GCC_C_LANGUAGE_STANDARD = gnu11;
				GCC_NO_COMMON_BLOCKS = YES;
				GCC_WARN_64_TO_32_BIT_CONVERSION = YES;
				GCC_WARN_ABOUT_RETURN_TYPE = YES_ERROR;
				GCC_WARN_UNDECLARED_SELECTOR = YES;
				GCC_WARN_UNINITIALIZED_AUTOS = YES_AGGRESSIVE;
				GCC_WARN_UNUSED_FUNCTION = YES;
				GCC_WARN_UNUSED_VARIABLE = YES;
				IPHONEOS_DEPLOYMENT_TARGET = 16.2;
				MTL_ENABLE_DEBUG_INFO = NO;
				MTL_FAST_MATH = YES;
				SDKROOT = iphoneos;
				SWIFT_COMPILATION_MODE = wholemodule;
				SWIFT_OPTIMIZATION_LEVEL = "-O";
				VALIDATE_PRODUCT = YES;
			};
			name = Release;
		};
		FF8315693056CCA800BEF8D9 /* Debug */ = {
			isa = XCBuildConfiguration;
			buildSettings = {
				ASSETCATALOG_COMPILER_APPICON_NAME = AppIcon;
				ASSETCATALOG_COMPILER_GLOBAL_ACCENT_COLOR_NAME = AccentColor;
				CLANG_ENABLE_MODULES = YES;
				CODE_SIGN_STYLE = Automatic;
				CURRENT_PROJECT_VERSION = 1;
				DEVELOPMENT_ASSET_PATHS = "\"AIApplicationLayerApp/Preview Content\"";
				DEVELOPMENT_TEAM = 6AU9FSPL29;
				ENABLE_PREVIEWS = YES;
				GENERATE_INFOPLIST_FILE = YES;
				INFOPLIST_KEY_UIApplicationSceneManifest_Generation = YES;
				INFOPLIST_KEY_UIApplicationSupportsIndirectInputEvents = YES;
				INFOPLIST_KEY_UILaunchScreen_Generation = YES;
				INFOPLIST_KEY_UISupportedInterfaceOrientations_iPad = "UIInterfaceOrientationPortrait UIInterfaceOrientationPortraitUpsideDown UIInterfaceOrientationLandscapeLeft UIInterfaceOrientationLandscapeRight";
				INFOPLIST_KEY_UISupportedInterfaceOrientations_iPhone = "UIInterfaceOrientationPortrait UIInterfaceOrientationLandscapeLeft UIInterfaceOrientationLandscapeRight";
				LD_RUNPATH_SEARCH_PATHS = (
					"$(inherited)",
					"@executable_path/Frameworks",
				);
				MARKETING_VERSION = 1.0;
				PRODUCT_BUNDLE_IDENTIFIER = student.AIApplicationLayerApp;
				PRODUCT_NAME = "$(TARGET_NAME)";
				SWIFT_EMIT_LOC_STRINGS = YES;
				SWIFT_OPTIMIZATION_LEVEL = "-Onone";
				SWIFT_VERSION = 5.0;
				TARGETED_DEVICE_FAMILY = "1,2";
			};
			name = Debug;
		};
		FF83156A3056CCA800BEF8D9 /* Release */ = {
			isa = XCBuildConfiguration;
			buildSettings = {
				ASSETCATALOG_COMPILER_APPICON_NAME = AppIcon;
				ASSETCATALOG_COMPILER_GLOBAL_ACCENT_COLOR_NAME = AccentColor;
				CLANG_ENABLE_MODULES = YES;
				CODE_SIGN_STYLE = Automatic;
				CURRENT_PROJECT_VERSION = 1;
				DEVELOPMENT_ASSET_PATHS = "\"AIApplicationLayerApp/Preview Content\"";
				DEVELOPMENT_TEAM = 6AU9FSPL29;
				ENABLE_PREVIEWS = YES;
				GENERATE_INFOPLIST_FILE = YES;
				INFOPLIST_KEY_UIApplicationSceneManifest_Generation = YES;
				INFOPLIST_KEY_UIApplicationSupportsIndirectInputEvents = YES;
				INFOPLIST_KEY_UILaunchScreen_Generation = YES;
				INFOPLIST_KEY_UISupportedInterfaceOrientations_iPad = "UIInterfaceOrientationPortrait UIInterfaceOrientationPortraitUpsideDown UIInterfaceOrientationLandscapeLeft UIInterfaceOrientationLandscapeRight";
				INFOPLIST_KEY_UISupportedInterfaceOrientations_iPhone = "UIInterfaceOrientationPortrait UIInterfaceOrientationLandscapeLeft UIInterfaceOrientationLandscapeRight";
				LD_RUNPATH_SEARCH_PATHS = (
					"$(inherited)",
					"@executable_path/Frameworks",
				);
				MARKETING_VERSION = 1.0;
				PRODUCT_BUNDLE_IDENTIFIER = student.AIApplicationLayerApp;
				PRODUCT_NAME = "$(TARGET_NAME)";
				SWIFT_EMIT_LOC_STRINGS = YES;
				SWIFT_VERSION = 5.0;
				TARGETED_DEVICE_FAMILY = "1,2";
			};
			name = Release;
		};
		FF83156C3056CCA800BEF8D9 /* Debug */ = {
			isa = XCBuildConfiguration;
			buildSettings = {
				ALWAYS_EMBED_SWIFT_STANDARD_LIBRARIES = YES;
				BUNDLE_LOADER = "$(TEST_HOST)";
				CODE_SIGN_STYLE = Automatic;
				CURRENT_PROJECT_VERSION = 1;
				DEVELOPMENT_TEAM = 6AU9FSPL29;
				GENERATE_INFOPLIST_FILE = YES;
				IPHONEOS_DEPLOYMENT_TARGET = 16.2;
				MARKETING_VERSION = 1.0;
				PRODUCT_BUNDLE_IDENTIFIER = student.AIApplicationLayerAppTests;
				PRODUCT_NAME = "$(TARGET_NAME)";
				SWIFT_EMIT_LOC_STRINGS = NO;
				SWIFT_VERSION = 5.0;
				TARGETED_DEVICE_FAMILY = "1,2";
				TEST_HOST = "$(BUILT_PRODUCTS_DIR)/AIApplicationLayerApp.app/$(BUNDLE_EXECUTABLE_FOLDER_PATH)/AIApplicationLayerApp";
			};
			name = Debug;
		};
		FF83156D3056CCA800BEF8D9 /* Release */ = {
			isa = XCBuildConfiguration;
			buildSettings = {
				ALWAYS_EMBED_SWIFT_STANDARD_LIBRARIES = YES;
				BUNDLE_LOADER = "$(TEST_HOST)";
				CODE_SIGN_STYLE = Automatic;
				CURRENT_PROJECT_VERSION = 1;
				DEVELOPMENT_TEAM = 6AU9FSPL29;
				GENERATE_INFOPLIST_FILE = YES;
				IPHONEOS_DEPLOYMENT_TARGET = 16.2;
				MARKETING_VERSION = 1.0;
				PRODUCT_BUNDLE_IDENTIFIER = student.AIApplicationLayerAppTests;
				PRODUCT_NAME = "$(TARGET_NAME)";
				SWIFT_EMIT_LOC_STRINGS = NO;
				SWIFT_VERSION = 5.0;
				TARGETED_DEVICE_FAMILY = "1,2";
				TEST_HOST = "$(BUILT_PRODUCTS_DIR)/AIApplicationLayerApp.app/$(BUNDLE_EXECUTABLE_FOLDER_PATH)/AIApplicationLayerApp";
			};
			name = Release;
		};
		FF83156F3056CCA800BEF8D9 /* Debug */ = {
			isa = XCBuildConfiguration;
			buildSettings = {
				ALWAYS_EMBED_SWIFT_STANDARD_LIBRARIES = YES;
				CODE_SIGN_STYLE = Automatic;
				CURRENT_PROJECT_VERSION = 1;
				DEVELOPMENT_TEAM = 6AU9FSPL29;
				GENERATE_INFOPLIST_FILE = YES;
				MARKETING_VERSION = 1.0;
				PRODUCT_BUNDLE_IDENTIFIER = student.AIApplicationLayerAppUITests;
				PRODUCT_NAME = "$(TARGET_NAME)";
				SWIFT_EMIT_LOC_STRINGS = NO;
				SWIFT_VERSION = 5.0;
				TARGETED_DEVICE_FAMILY = "1,2";
				TEST_TARGET_NAME = AIApplicationLayerApp;
			};
			name = Debug;
		};
		FF8315703056CCA800BEF8D9 /* Release */ = {
			isa = XCBuildConfiguration;
			buildSettings = {
				ALWAYS_EMBED_SWIFT_STANDARD_LIBRARIES = YES;
				CODE_SIGN_STYLE = Automatic;
				CURRENT_PROJECT_VERSION = 1;
				DEVELOPMENT_TEAM = 6AU9FSPL29;
				GENERATE_INFOPLIST_FILE = YES;
				MARKETING_VERSION = 1.0;
				PRODUCT_BUNDLE_IDENTIFIER = student.AIApplicationLayerAppUITests;
				PRODUCT_NAME = "$(TARGET_NAME)";
				SWIFT_EMIT_LOC_STRINGS = NO;
				SWIFT_VERSION = 5.0;
				TARGETED_DEVICE_FAMILY = "1,2";
				TEST_TARGET_NAME = AIApplicationLayerApp;
			};
			name = Release;
		};
/* End XCBuildConfiguration section */

/* Begin XCConfigurationList section */
		FF83153F3056CCA600BEF8D9 /* Build configuration list for PBXProject "AIApplicationLayerApp" */ = {
			isa = XCConfigurationList;
			buildConfigurations = (
				FF8315663056CCA800BEF8D9 /* Debug */,
				FF8315673056CCA800BEF8D9 /* Release */,
			);
			defaultConfigurationIsVisible = 0;
			defaultConfigurationName = Release;
		};
		FF8315683056CCA800BEF8D9 /* Build configuration list for PBXNativeTarget "AIApplicationLayerApp" */ = {
			isa = XCConfigurationList;
			buildConfigurations = (
				FF8315693056CCA800BEF8D9 /* Debug */,
				FF83156A3056CCA800BEF8D9 /* Release */,
			);
			defaultConfigurationIsVisible = 0;
			defaultConfigurationName = Release;
		};
		FF83156B3056CCA800BEF8D9 /* Build configuration list for PBXNativeTarget "AIApplicationLayerAppTests" */ = {
			isa = XCConfigurationList;
			buildConfigurations = (
				FF83156C3056CCA800BEF8D9 /* Debug */,
				FF83156D3056CCA800BEF8D9 /* Release */,
			);
			defaultConfigurationIsVisible = 0;
			defaultConfigurationName = Release;
		};
		FF83156E3056CCA800BEF8D9 /* Build configuration list for PBXNativeTarget "AIApplicationLayerAppUITests" */ = {
			isa = XCConfigurationList;
			buildConfigurations = (
				FF83156F3056CCA800BEF8D9 /* Debug */,
				FF8315703056CCA800BEF8D9 /* Release */,
			);
			defaultConfigurationIsVisible = 0;
			defaultConfigurationName = Release;
		};
/* End XCConfigurationList section */
	};
	rootObject = FF83153C3056CCA600BEF8D9 /* Project object */;
}
